
Microsoft Visual Studio Solution File, Format Version 12.00
# Visual Studio Version 16
VisualStudioVersion = 16.0.30503.244
MinimumVisualStudioVersion = 10.0.40219.1
Project("{FAE04EC0-301F-11D3-BF4B-00C04F79EFBC}") = "WiFiAutoReconnectSvc", "WiFiAutoReconnectSvc.csproj", "{6950CDE9-3951-4231-88EE-51B0D7A9E421}"
EndProject
Project("{FAE04EC0-301F-11D3-BF4B-00C04F79EFBC}") = "WiFiAutoReconnect_Test", "WiFiAutoReconnect_Test\WiFiAutoReconnect_Test.csproj", "{78DDC0D8-9ACE-4BAF-83FF-C367A92EFB93}"
EndProject
Project("{FAE04EC0-301F-11D3-BF4B-00C04F79EFBC}") = "WiFiAutoReconnectLib", "WiFiAutoReconnectLib\WiFiAutoReconnectLib.csproj", "{768A6934-B6B5-465C-9B29-23E655CF095B}"
EndProject
Global
	GlobalSection(SolutionConfigurationPlatforms) = preSolution
		Debug|Any CPU = Debug|Any CPU
		Release|Any CPU = Release|Any CPU
	EndGlobalSection
	GlobalSection(ProjectConfigurationPlatforms) = postSolution
		{6950CDE9-3951-4231-88EE-51B0D7A9E421}.Debug|Any CPU.ActiveCfg = Debug|Any CPU
		{6950CDE9-3951-4231-88EE-51B0D7A9E421}.Debug|Any CPU.Build.0 = Debug|Any CPU
		{6950CDE9-3951-4231-88EE-51B0D7A9E421}.Release|Any CPU.ActiveCfg = Release|Any CPU
		{6950CDE9-3951-4231-88EE-51B0D7A9E421}.Release|Any CPU.Build.0 = Release|Any CPU
		{78DDC0D8-9ACE-4BAF-83FF-C367A92EFB93}.Debug|Any CPU.ActiveCfg = Debug|Any CPU
		{78DDC0D8-9ACE-4BAF-83FF-C367A92EFB93}.Debug|Any CPU.Build.0 = Debug|Any CPU
		{78DDC0D8-9ACE-4BAF-83FF-C367A92EFB93}.Release|Any CPU.ActiveCfg = Release|Any CPU
		{78DDC0D8-9ACE-4BAF-83FF-C367A92EFB93}.Release|Any CPU.Build.0 = Release|Any CPU
		{768A6934-B6B5-465C-9B29-23E655CF095B}.Debug|Any CPU.ActiveCfg = Debug|Any CPU
		{768A6934-B6B5-465C-9B29-23E655CF095B}.Debug|Any CPU.Build.0 = Debug|Any CPU
		{768A6934-B6B5-465C-9B29-23E655CF095B}.Release|Any CPU.ActiveCfg = Release|Any CPU
		{768A6934-B6B5-465C-9B29-23E655CF095B}.Release|Any CPU.Build.0 = Release|Any CPU
	EndGlobalSection
	GlobalSection(SolutionProperties) = preSolution
		HideSolutionNode = FALSE
	EndGlobalSection
	GlobalSection(ExtensibilityGlobals) = postSolution
		SolutionGuid = {11AE1B36-C366-49B0-9E34-511D30B5E4A6}
	EndGlobalSection
EndGlobal
